
Microsoft Visual Studio Solution File, Format Version 12.00
# Visual Studio Version 17
VisualStudioVersion = 17.5.33516.290
MinimumVisualStudioVersion = 10.0.40219.1
Project("{9A19103F-16F7-4668-BE54-9A1E7A4F7556}") = "Modelos", "Modelos\Modelos.csproj", "{2D1A507E-4923-4515-96C4-57F60F6F6DEF}"
EndProject
Project("{9A19103F-16F7-4668-BE54-9A1E7A4F7556}") = "Datos", "Datos\Datos.csproj", "{5E2C1D70-2DB1-4979-9238-06DD99DA13BA}"
EndProject
Project("{9A19103F-16F7-4668-BE54-9A1E7A4F7556}") = "BlazorApp1", "BlazorApp1\BlazorApp1.csproj", "{E194672E-79E9-4C67-9FE5-1DA8941667D6}"
EndProject
Project("{9A19103F-16F7-4668-BE54-9A1E7A4F7556}") = "BlazorApp 2.6", "BlazorApp 2.6\BlazorApp 2.6.csproj", "{874AB06D-BC21-4216-9791-2F8F0FCAA73A}"
EndProject
Project("{9A19103F-16F7-4668-BE54-9A1E7A4F7556}") = "BlazorApp Garcia", "BlazorApp Garcia\BlazorApp Garcia.csproj", "{2F4C2179-746A-42C2-B018-9DE91DD80426}"
EndProject
Project("{FAE04EC0-301F-11D3-BF4B-00C04F79EFBC}") = "BlazorApp Claudia Garcia", "BlazorApp Claudia Garcia\BlazorApp Claudia Garcia.csproj", "{8E4E466C-B31F-4609-A97A-64CF2658F5F1}"
EndProject
Global
	GlobalSection(SolutionConfigurationPlatforms) = preSolution
		Debug|Any CPU = Debug|Any CPU
		Release|Any CPU = Release|Any CPU
	EndGlobalSection
	GlobalSection(ProjectConfigurationPlatforms) = postSolution
		{2D1A507E-4923-4515-96C4-57F60F6F6DEF}.Debug|Any CPU.ActiveCfg = Debug|Any CPU
		{2D1A507E-4923-4515-96C4-57F60F6F6DEF}.Debug|Any CPU.Build.0 = Debug|Any CPU
		{2D1A507E-4923-4515-96C4-57F60F6F6DEF}.Release|Any CPU.ActiveCfg = Release|Any CPU
		{2D1A507E-4923-4515-96C4-57F60F6F6DEF}.Release|Any CPU.Build.0 = Release|Any CPU
		{5E2C1D70-2DB1-4979-9238-06DD99DA13BA}.Debug|Any CPU.ActiveCfg = Debug|Any CPU
		{5E2C1D70-2DB1-4979-9238-06DD99DA13BA}.Debug|Any CPU.Build.0 = Debug|Any CPU
		{5E2C1D70-2DB1-4979-9238-06DD99DA13BA}.Release|Any CPU.ActiveCfg = Release|Any CPU
		{5E2C1D70-2DB1-4979-9238-06DD99DA13BA}.Release|Any CPU.Build.0 = Release|Any CPU
		{E194672E-79E9-4C67-9FE5-1DA8941667D6}.Debug|Any CPU.ActiveCfg = Debug|Any CPU
		{E194672E-79E9-4C67-9FE5-1DA8941667D6}.Debug|Any CPU.Build.0 = Debug|Any CPU
		{E194672E-79E9-4C67-9FE5-1DA8941667D6}.Release|Any CPU.ActiveCfg = Release|Any CPU
		{E194672E-79E9-4C67-9FE5-1DA8941667D6}.Release|Any CPU.Build.0 = Release|Any CPU
		{874AB06D-BC21-4216-9791-2F8F0FCAA73A}.Debug|Any CPU.ActiveCfg = Debug|Any CPU
		{874AB06D-BC21-4216-9791-2F8F0FCAA73A}.Debug|Any CPU.Build.0 = Debug|Any CPU
		{874AB06D-BC21-4216-9791-2F8F0FCAA73A}.Release|Any CPU.ActiveCfg = Release|Any CPU
		{874AB06D-BC21-4216-9791-2F8F0FCAA73A}.Release|Any CPU.Build.0 = Release|Any CPU
		{2F4C2179-746A-42C2-B018-9DE91DD80426}.Debug|Any CPU.ActiveCfg = Debug|Any CPU
		{2F4C2179-746A-42C2-B018-9DE91DD80426}.Debug|Any CPU.Build.0 = Debug|Any CPU
		{2F4C2179-746A-42C2-B018-9DE91DD80426}.Release|Any CPU.ActiveCfg = Release|Any CPU
		{2F4C2179-746A-42C2-B018-9DE91DD80426}.Release|Any CPU.Build.0 = Release|Any CPU
		{8E4E466C-B31F-4609-A97A-64CF2658F5F1}.Debug|Any CPU.ActiveCfg = Debug|Any CPU
		{8E4E466C-B31F-4609-A97A-64CF2658F5F1}.Debug|Any CPU.Build.0 = Debug|Any CPU
		{8E4E466C-B31F-4609-A97A-64CF2658F5F1}.Release|Any CPU.ActiveCfg = Release|Any CPU
		{8E4E466C-B31F-4609-A97A-64CF2658F5F1}.Release|Any CPU.Build.0 = Release|Any CPU
	EndGlobalSection
	GlobalSection(SolutionProperties) = preSolution
		HideSolutionNode = FALSE
	EndGlobalSection
	GlobalSection(ExtensibilityGlobals) = postSolution
		SolutionGuid = {BFC1FBB7-7A59-496C-B0E8-0A63C421F596}
	EndGlobalSection
EndGlobal
